
Microsoft Visual Studio Solution File, Format Version 12.00
# Visual Studio Version 16
VisualStudioVersion = 16.0.31205.134
MinimumVisualStudioVersion = 10.0.40219.1
Project("{FAE04EC0-301F-11D3-BF4B-00C04F79EFBC}") = "DesafioZeDelivery.Api", "DesafioZeDelivery.Api\DesafioZeDelivery.Api.csproj", "{333F7366-F422-4C77-88D2-13477FA12C1A}"
EndProject
Project("{2150E333-8FDC-42A3-9474-1A3956D46DE8}") = "src", "src", "{1CF0211C-74D0-41F6-B16B-5FAFC31A0F10}"
EndProject
Global
	GlobalSection(SolutionConfigurationPlatforms) = preSolution
		Debug|Any CPU = Debug|Any CPU
		Release|Any CPU = Release|Any CPU
	EndGlobalSection
	GlobalSection(ProjectConfigurationPlatforms) = postSolution
		{333F7366-F422-4C77-88D2-13477FA12C1A}.Debug|Any CPU.ActiveCfg = Debug|Any CPU
		{333F7366-F422-4C77-88D2-13477FA12C1A}.Debug|Any CPU.Build.0 = Debug|Any CPU
		{333F7366-F422-4C77-88D2-13477FA12C1A}.Release|Any CPU.ActiveCfg = Release|Any CPU
		{333F7366-F422-4C77-88D2-13477FA12C1A}.Release|Any CPU.Build.0 = Release|Any CPU
	EndGlobalSection
	GlobalSection(SolutionProperties) = preSolution
		HideSolutionNode = FALSE
	EndGlobalSection
	GlobalSection(NestedProjects) = preSolution
		{333F7366-F422-4C77-88D2-13477FA12C1A} = {1CF0211C-74D0-41F6-B16B-5FAFC31A0F10}
	EndGlobalSection
	GlobalSection(ExtensibilityGlobals) = postSolution
		SolutionGuid = {618031D8-1CF6-4782-A9EA-76F5324303B5}
	EndGlobalSection
EndGlobal
